github.com/a-h/templ v0.2.432 h1:/8sSs0janzx/DvXlYi+3KUkZABvm7s3lejbvhPZ1rSg=
github.com/a-h/templ v0.2.432/go.mod h1:6Lfhsl3Z4/vXl7jjEjkJRCqoWDGjDnuKgzjYMDSddas=
github.com/gosimple/slug v1.13.1/go.mod h1:UiRaFH+GEilHstLUmcBgWcI42viBN7mAb818JrYOeFQ=
github.com/gosimple/unidecode v1.0.1/go.mod h1:CP0Cr1Y1kogOtx0bJblKzsVWrqYaqfNOnHzpgWw4Awc=
github.com/yuin/goldmark v1.5.4/go.mod h1:6yULJ656Px+3vBD8DxQVa3kxgyrAnzto9xy5taEt/CY=
